// !$*UTF8*$!
{
	archiveVersion = 1;
	classes = {
	};
	objectVersion = 50;
	objects = {

/* Begin PBXBuildFile section */
		DBBAC50525B0704000FAEFEF /* AppDelegate.swift in Sources */ = {isa = PBXBuildFile; fileRef = DBBAC50425B0704000FAEFEF /* AppDelegate.swift */; };
		DBBAC50725B0704000FAEFEF /* SceneDelegate.swift in Sources */ = {isa = PBXBuildFile; fileRef = DBBAC50625B0704000FAEFEF /* SceneDelegate.swift */; };
		DBBAC50925B0704000FAEFEF /* ViewController.swift in Sources */ = {isa = PBXBuildFile; fileRef = DBBAC50825B0704000FAEFEF /* ViewController.swift */; };
		DBBAC50C25B0704000FAEFEF /* Main.storyboard in Resources */ = {isa = PBXBuildFile; fileRef = DBBAC50A25B0704000FAEFEF /* Main.storyboard */; };
		DBBAC50E25B0704400FAEFEF /* Assets.xcassets in Resources */ = {isa = PBXBuildFile; fileRef = DBBAC50D25B0704400FAEFEF /* Assets.xcassets */; };
		DBBAC51125B0704400FAEFEF /* LaunchScreen.storyboard in Resources */ = {isa = PBXBuildFile; fileRef = DBBAC50F25B0704400FAEFEF /* LaunchScreen.storyboard */; };
/* End PBXBuildFile section */

/* Begin PBXFileReference section */
		DBBAC50125B0704000FAEFEF /* LoginAndPassword.app */ = {isa = PBXFileReference; explicitFileType = wrapper.application; includeInIndex = 0; path = LoginAndPassword.app; sourceTree = BUILT_PRODUCTS_DIR; };
		DBBAC50425B0704000FAEFEF /* AppDelegate.swift */ = {isa = PBXFileReference; lastKnownFileType = sourcecode.swift; path = AppDelegate.swift; sourceTree = "<group>"; };
		DBBAC50625B0704000FAEFEF /* SceneDelegate.swift */ = {isa = PBXFileReference; lastKnownFileType = sourcecode.swift; path = SceneDelegate.swift; sourceTree = "<group>"; };
		DBBAC50825B0704000FAEFEF /* ViewController.swift */ = {isa = PBXFileReference; lastKnownFileType = sourcecode.swift; path = ViewController.swift; sourceTree = "<group>"; };
		DBBAC50B25B0704000FAEFEF /* Base */ = {isa = PBXFileReference; lastKnownFileType = file.storyboard; name = Base; path = Base.lproj/Main.storyboard; sourceTree = "<group>"; };
		DBBAC50D25B0704400FAEFEF /* Assets.xcassets */ = {isa = PBXFileReference; lastKnownFileType = folder.assetcatalog; path = Assets.xcassets; sourceTree = "<group>"; };
		DBBAC51025B0704400FAEFEF /* Base */ = {isa = PBXFileReference; lastKnownFileType = file.storyboard; name = Base; path = Base.lproj/LaunchScreen.storyboard; sourceTree = "<group>"; };
		DBBAC51225B0704400FAEFEF /* Info.plist */ = {isa = PBXFileReference; lastKnownFileType = text.plist.xml; path = Info.plist; sourceTree = "<group>"; };
/* End PBXFileReference section */

/* Begin PBXFrameworksBuildPhase section */
		DBBAC4FE25B0704000FAEFEF /* Frameworks */ = {
			isa = PBXFrameworksBuildPhase;
			buildActionMask = 2147483647;
			files = (
			);
			runOnlyForDeploymentPostprocessing = 0;
		};
/* End PBXFrameworksBuildPhase section */

/* Begin PBXGroup section */
		DBBAC4F825B0704000FAEFEF = {
			isa = PBXGroup;
			children = (
				DBBAC50325B0704000FAEFEF /* LoginAndPassword */,
				DBBAC50225B0704000FAEFEF /* Products */,
			);
			sourceTree = "<group>";
		};
		DBBAC50225B0704000FAEFEF /* Products */ = {
			isa = PBXGroup;
			children = (
				DBBAC50125B0704000FAEFEF /* LoginAndPassword.app */,
			);
			name = Products;
			sourceTree = "<group>";
		};
		DBBAC50325B0704000FAEFEF /* LoginAndPassword */ = {
			isa = PBXGroup;
			children = (
				DBBAC50425B0704000FAEFEF /* AppDelegate.swift */,
				DBBAC50625B0704000FAEFEF /* SceneDelegate.swift */,
				DBBAC50825B0704000FAEFEF /* ViewController.swift */,
				DBBAC50A25B0704000FAEFEF /* Main.storyboard */,
				DBBAC50D25B0704400FAEFEF /* Assets.xcassets */,
				DBBAC50F25B0704400FAEFEF /* LaunchScreen.storyboard */,
				DBBAC51225B0704400FAEFEF /* Info.plist */,
			);
			path = LoginAndPassword;
			sourceTree = "<group>";
		};
/* End PBXGroup section */

/* Begin PBXNativeTarget section */
		DBBAC50025B0704000FAEFEF /* LoginAndPassword */ = {
			isa = PBXNativeTarget;
			buildConfigurationList = DBBAC51525B0704400FAEFEF /* Build configuration list for PBXNativeTarget "LoginAndPassword" */;
			buildPhases = (
				DBBAC4FD25B0704000FAEFEF /* Sources */,
				DBBAC4FE25B0704000FAEFEF /* Frameworks */,
				DBBAC4FF25B0704000FAEFEF /* Resources */,
			);
			buildRules = (
			);
			dependencies = (
			);
			name = LoginAndPassword;
			productName = LoginAndPassword;
			productReference = DBBAC50125B0704000FAEFEF /* LoginAndPassword.app */;
			productType = "com.apple.product-type.application";
		};
/* End PBXNativeTarget section */

/* Begin PBXProject section */
		DBBAC4F925B0704000FAEFEF /* Project object */ = {
			isa = PBXProject;
			attributes = {
				LastSwiftUpdateCheck = 1230;
				LastUpgradeCheck = 1230;
				TargetAttributes = {
					DBBAC50025B0704000FAEFEF = {
						CreatedOnToolsVersion = 12.3;
					};
				};
			};
			buildConfigurationList = DBBAC4FC25B0704000FAEFEF /* Build configuration list for PBXProject "LoginAndPassword" */;
			compatibilityVersion = "Xcode 9.3";
			developmentRegion = en;
			hasScannedForEncodings = 0;
			knownRegions = (
				en,
				Base,
			);
			mainGroup = DBBAC4F825B0704000FAEFEF;
			productRefGroup = DBBAC50225B0704000FAEFEF /* Products */;
			projectDirPath = "";
			projectRoot = "";
			targets = (
				DBBAC50025B0704000FAEFEF /* LoginAndPassword */,
			);
		};
/* End PBXProject section */

/* Begin PBXResourcesBuildPhase section */
		DBBAC4FF25B0704000FAEFEF /* Resources */ = {
			isa = PBXResourcesBuildPhase;
			buildActionMask = 2147483647;
			files = (
				DBBAC51125B0704400FAEFEF /* LaunchScreen.storyboard in Resources */,
				DBBAC50E25B0704400FAEFEF /* Assets.xcassets in Resources */,
				DBBAC50C25B0704000FAEFEF /* Main.storyboard in Resources */,
			);
			runOnlyForDeploymentPostprocessing = 0;
		};
/* End PBXResourcesBuildPhase section */

/* Begin PBXSourcesBuildPhase section */
		DBBAC4FD25B0704000FAEFEF /* Sources */ = {
			isa = PBXSourcesBuildPhase;
			buildActionMask = 2147483647;
			files = (
				DBBAC50925B0704000FAEFEF /* ViewController.swift in Sources */,
				DBBAC50525B0704000FAEFEF /* AppDelegate.swift in Sources */,
				DBBAC50725B0704000FAEFEF /* SceneDelegate.swift in Sources */,
			);
			runOnlyForDeploymentPostprocessing = 0;
		};
/* End PBXSourcesBuildPhase section */

/* Begin PBXVariantGroup section */
		DBBAC50A25B0704000FAEFEF /* Main.storyboard */ = {
			isa = PBXVariantGroup;
			children = (
				DBBAC50B25B0704000FAEFEF /* Base */,
			);
			name = Main.storyboard;
			sourceTree = "<group>";
		};
		DBBAC50F25B0704400FAEFEF /* LaunchScreen.storyboard */ = {
			isa = PBXVariantGroup;
			children = (
				DBBAC51025B0704400FAEFEF /* Base */,
			);
			name = LaunchScreen.storyboard;
			sourceTree = "<group>";
		};
/* End PBXVariantGroup section */

/* Begin XCBuildConfiguration section */
		DBBAC51325B0704400FAEFEF /* Debug */ = {
			isa = XCBuildConfiguration;
			buildSettings = {
				ALWAYS_SEARCH_USER_PATHS = NO;
				CLANG_ANALYZER_NONNULL = YES;
				CLANG_ANALYZER_NUMBER_OBJECT_CONVERSION = YES_AGGRESSIVE;
				CLANG_CXX_LANGUAGE_STANDARD = "gnu++14";
				CLANG_CXX_LIBRARY = "libc++";
				CLANG_ENABLE_MODULES = YES;
				CLANG_ENABLE_OBJC_ARC = YES;
				CLANG_ENABLE_OBJC_WEAK = YES;
				CLANG_WARN_BLOCK_CAPTURE_AUTORELEASING = YES;
				CLANG_WARN_BOOL_CONVERSION = YES;
				CLANG_WARN_COMMA = YES;
				CLANG_WARN_CONSTANT_CONVERSION = YES;
				CLANG_WARN_DEPRECATED_OBJC_IMPLEMENTATIONS = YES;
				CLANG_WARN_DIRECT_OBJC_ISA_USAGE = YES_ERROR;
				CLANG_WARN_DOCUMENTATION_COMMENTS = YES;
				CLANG_WARN_EMPTY_BODY = YES;
				CLANG_WARN_ENUM_CONVERSION = YES;
				CLANG_WARN_INFINITE_RECURSION = YES;
				CLANG_WARN_INT_CONVERSION = YES;
				CLANG_WARN_NON_LITERAL_NULL_CONVERSION = YES;
				CLANG_WARN_OBJC_IMPLICIT_RETAIN_SELF = YES;
				CLANG_WARN_OBJC_LITERAL_CONVERSION = YES;
				CLANG_WARN_OBJC_ROOT_CLASS = YES_ERROR;
				CLANG_WARN_QUOTED_INCLUDE_IN_FRAMEWORK_HEADER = YES;
				CLANG_WARN_RANGE_LOOP_ANALYSIS = YES;
				CLANG_WARN_STRICT_PROTOTYPES = YES;
				CLANG_WARN_SUSPICIOUS_MOVE = YES;
				CLANG_WARN_UNGUARDED_AVAILABILITY = YES_AGGRESSIVE;
				CLANG_WARN_UNREACHABLE_CODE = YES;
				CLANG_WARN__DUPLICATE_METHOD_MATCH = YES;
				COPY_PHASE_STRIP = NO;
				DEBUG_INFORMATION_FORMAT = dwarf;
				ENABLE_STRICT_OBJC_MSGSEND = YES;
				ENABLE_TESTABILITY = YES;
				GCC_C_LANGUAGE_STANDARD = gnu11;
				GCC_DYNAMIC_NO_PIC = NO;
				GCC_NO_COMMON_BLOCKS = YES;
				GCC_OPTIMIZATION_LEVEL = 0;
				GCC_PREPROCESSOR_DEFINITIONS = (
					"DEBUG=1",
					"$(inherited)",
				);
				GCC_WARN_64_TO_32_BIT_CONVERSION = YES;
				GCC_WARN_ABOUT_RETURN_TYPE = YES_ERROR;
				GCC_WARN_UNDECLARED_SELECTOR = YES;
				GCC_WARN_UNINITIALIZED_AUTOS = YES_AGGRESSIVE;
				GCC_WARN_UNUSED_FUNCTION = YES;
				GCC_WARN_UNUSED_VARIABLE = YES;
				IPHONEOS_DEPLOYMENT_TARGET = 14.3;
				MTL_ENABLE_DEBUG_INFO = INCLUDE_SOURCE;
				MTL_FAST_MATH = YES;
				ONLY_ACTIVE_ARCH = YES;
				SDKROOT = iphoneos;
				SWIFT_ACTIVE_COMPILATION_CONDITIONS = DEBUG;
				SWIFT_OPTIMIZATION_LEVEL = "-Onone";
			};
			name = Debug;
		};
		DBBAC51425B0704400FAEFEF /* Release */ = {
			isa = XCBuildConfiguration;
			buildSettings = {
				ALWAYS_SEARCH_USER_PATHS = NO;
				CLANG_ANALYZER_NONNULL = YES;
				CLANG_ANALYZER_NUMBER_OBJECT_CONVERSION = YES_AGGRESSIVE;
				CLANG_CXX_LANGUAGE_STANDARD = "gnu++14";
				CLANG_CXX_LIBRARY = "libc++";
				CLANG_ENABLE_MODULES = YES;
				CLANG_ENABLE_OBJC_ARC = YES;
				CLANG_ENABLE_OBJC_WEAK = YES;
				CLANG_WARN_BLOCK_CAPTURE_AUTORELEASING = YES;
				CLANG_WARN_BOOL_CONVERSION = YES;
				CLANG_WARN_COMMA = YES;
				CLANG_WARN_CONSTANT_CONVERSION = YES;
				CLANG_WARN_DEPRECATED_OBJC_IMPLEMENTATIONS = YES;
				CLANG_WARN_DIRECT_OBJC_ISA_USAGE = YES_ERROR;
				CLANG_WARN_DOCUMENTATION_COMMENTS = YES;
				CLANG_WARN_EMPTY_BODY = YES;
				CLANG_WARN_ENUM_CONVERSION = YES;
				CLANG_WARN_INFINITE_RECURSION = YES;
				CLANG_WARN_INT_CONVERSION = YES;
				CLANG_WARN_NON_LITERAL_NULL_CONVERSION = YES;
				CLANG_WARN_OBJC_IMPLICIT_RETAIN_SELF = YES;
				CLANG_WARN_OBJC_LITERAL_CONVERSION = YES;
				CLANG_WARN_OBJC_ROOT_CLASS = YES_ERROR;
				CLANG_WARN_QUOTED_INCLUDE_IN_FRAMEWORK_HEADER = YES;
				CLANG_WARN_RANGE_LOOP_ANALYSIS = YES;
				CLANG_WARN_STRICT_PROTOTYPES = YES;
				CLANG_WARN_SUSPICIOUS_MOVE = YES;
				CLANG_WARN_UNGUARDED_AVAILABILITY = YES_AGGRESSIVE;
				CLANG_WARN_UNREACHABLE_CODE = YES;
				CLANG_WARN__DUPLICATE_METHOD_MATCH = YES;
				COPY_PHASE_STRIP = NO;
				DEBUG_INFORMATION_FORMAT = "dwarf-with-dsym";
				ENABLE_NS_ASSERTIONS = NO;
				ENABLE_STRICT_OBJC_MSGSEND = YES;
				GCC_C_LANGUAGE_STANDARD = gnu11;
				GCC_NO_COMMON_BLOCKS = YES;
				GCC_WARN_64_TO_32_BIT_CONVERSION = YES;
				GCC_WARN_ABOUT_RETURN_TYPE = YES_ERROR;
				GCC_WARN_UNDECLARED_SELECTOR = YES;
				GCC_WARN_UNINITIALIZED_AUTOS = YES_AGGRESSIVE;
				GCC_WARN_UNUSED_FUNCTION = YES;
				GCC_WARN_UNUSED_VARIABLE = YES;
				IPHONEOS_DEPLOYMENT_TARGET = 14.3;
				MTL_ENABLE_DEBUG_INFO = NO;
				MTL_FAST_MATH = YES;
				SDKROOT = iphoneos;
				SWIFT_COMPILATION_MODE = wholemodule;
				SWIFT_OPTIMIZATION_LEVEL = "-O";
				VALIDATE_PRODUCT = YES;
			};
			name = Release;
		};
		DBBAC51625B0704400FAEFEF /* Debug */ = {
			isa = XCBuildConfiguration;
			buildSettings = {
				ASSETCATALOG_COMPILER_APPICON_NAME = AppIcon;
				ASSETCATALOG_COMPILER_GLOBAL_ACCENT_COLOR_NAME = AccentColor;
				CODE_SIGN_STYLE = Automatic;
				DEVELOPMENT_TEAM = 5M96K8LQPN;
				INFOPLIST_FILE = LoginAndPassword/Info.plist;
				LD_RUNPATH_SEARCH_PATHS = (
					"$(inherited)",
					"@executable_path/Frameworks",
				);
				PRODUCT_BUNDLE_IDENTIFIER = com.dmitryKrutsko.LoginAndPassword;
				PRODUCT_NAME = "$(TARGET_NAME)";
				SWIFT_VERSION = 5.0;
				TARGETED_DEVICE_FAMILY = "1,2";
			};
			name = Debug;
		};
		DBBAC51725B0704400FAEFEF /* Release */ = {
			isa = XCBuildConfiguration;
			buildSettings = {
				ASSETCATALOG_COMPILER_APPICON_NAME = AppIcon;
				ASSETCATALOG_COMPILER_GLOBAL_ACCENT_COLOR_NAME = AccentColor;
				CODE_SIGN_STYLE = Automatic;
				DEVELOPMENT_TEAM = 5M96K8LQPN;
				INFOPLIST_FILE = LoginAndPassword/Info.plist;
				LD_RUNPATH_SEARCH_PATHS = (
					"$(inherited)",
					"@executable_path/Frameworks",
				);
				PRODUCT_BUNDLE_IDENTIFIER = com.dmitryKrutsko.LoginAndPassword;
				PRODUCT_NAME = "$(TARGET_NAME)";
				SWIFT_VERSION = 5.0;
				TARGETED_DEVICE_FAMILY = "1,2";
			};
			name = Release;
		};
/* End XCBuildConfiguration section */

/* Begin XCConfigurationList section */
		DBBAC4FC25B0704000FAEFEF /* Build configuration list for PBXProject "LoginAndPassword" */ = {
			isa = XCConfigurationList;
			buildConfigurations = (
				DBBAC51325B0704400FAEFEF /* Debug */,
				DBBAC51425B0704400FAEFEF /* Release */,
			);
			defaultConfigurationIsVisible = 0;
			defaultConfigurationName = Release;
		};
		DBBAC51525B0704400FAEFEF /* Build configuration list for PBXNativeTarget "LoginAndPassword" */ = {
			isa = XCConfigurationList;
			buildConfigurations = (
				DBBAC51625B0704400FAEFEF /* Debug */,
				DBBAC51725B0704400FAEFEF /* Release */,
			);
			defaultConfigurationIsVisible = 0;
			defaultConfigurationName = Release;
		};
/* End XCConfigurationList section */
	};
	rootObject = DBBAC4F925B0704000FAEFEF /* Project object */;
}
